
Microsoft Visual Studio Solution File, Format Version 12.00
# Visual Studio 2013
VisualStudioVersion = 12.0.21005.1
MinimumVisualStudioVersion = 10.0.40219.1
Project("{2150E333-8FDC-42A3-9474-1A3956D46DE8}") = "Core", "Core", "{51D4C041-4292-4E0A-9C95-8365E4FB3C70}"
EndProject
Project("{2150E333-8FDC-42A3-9474-1A3956D46DE8}") = "Service", "Service", "{D703F86C-3FAD-430E-B128-AF2CCB700389}"
EndProject
Project("{2150E333-8FDC-42A3-9474-1A3956D46DE8}") = "Website", "Website", "{0CD37877-8AFE-48DC-B9B5-1CBFFA3D64BF}"
EndProject
Project("{2150E333-8FDC-42A3-9474-1A3956D46DE8}") = "Mvc", "Mvc", "{91D536D3-6FF4-4258-A38A-3729859FEFCF}"
EndProject
Project("{FAE04EC0-301F-11D3-BF4B-00C04F79EFBC}") = "Deepend.Websites.Mvc", "Websites\Mvc\src\Deepend.Websites.Mvc\Deepend.Websites.Mvc.csproj", "{CDF9C5F1-4F55-42A5-9897-89A3692ACD37}"
EndProject
Project("{2150E333-8FDC-42A3-9474-1A3956D46DE8}") = "Api", "Api", "{258462E8-BBF8-4D3D-B1AE-46B9C1D9F9FA}"
EndProject
Project("{2150E333-8FDC-42A3-9474-1A3956D46DE8}") = "Model", "Model", "{D27DD1FE-5F46-4F11-A8EE-8996C331498F}"
EndProject
Project("{FAE04EC0-301F-11D3-BF4B-00C04F79EFBC}") = "Deepend.Service.Model", "Services\Model\src\Deepend.Services.Model\Deepend.Service.Model.csproj", "{138FE245-53E4-4201-9E33-C748262B40C7}"
EndProject
Project("{2150E333-8FDC-42A3-9474-1A3956D46DE8}") = "Provider", "Provider", "{C4FCA9BE-806E-463A-965B-21F975544DFC}"
EndProject
Project("{FAE04EC0-301F-11D3-BF4B-00C04F79EFBC}") = "Deepend.Service.Provider", "Services\Provider\src\Deepend.Service.Provider\Deepend.Service.Provider.csproj", "{F4ABDFB7-594B-4616-BB25-35DE7B96E8BA}"
EndProject
Project("{2150E333-8FDC-42A3-9474-1A3956D46DE8}") = "Logging", "Logging", "{6EDDA594-8F91-43E0-BF57-4B608C8A115B}"
EndProject
Project("{2150E333-8FDC-42A3-9474-1A3956D46DE8}") = "Serialization", "Serialization", "{15880047-3937-4E88-8CD2-E3CC47300B03}"
EndProject
Project("{2150E333-8FDC-42A3-9474-1A3956D46DE8}") = "Repository", "Repository", "{F164E437-E117-433A-8EDC-BE0D64473149}"
EndProject
Project("{FAE04EC0-301F-11D3-BF4B-00C04F79EFBC}") = "Deepend.Core.Logging", "Core\Logging\src\Deepend.Core.Logging\Deepend.Core.Logging.csproj", "{AF36C980-5A61-491D-9C55-DC25012E3A30}"
EndProject
Project("{FAE04EC0-301F-11D3-BF4B-00C04F79EFBC}") = "Deepend.Core.Repository", "Core\Repository\src\Deepend.Core.Repository\Deepend.Core.Repository.csproj", "{14A073FC-7DD9-45F3-A176-B0D310802DF8}"
EndProject
Project("{FAE04EC0-301F-11D3-BF4B-00C04F79EFBC}") = "Deepend.Core.Serialization", "Core\Serialization\src\Deepend.Core.Serialization\Deepend.Core.Serialization.csproj", "{933BB8FA-017A-479E-9246-C948A98F8D8B}"
EndProject
Project("{FAE04EC0-301F-11D3-BF4B-00C04F79EFBC}") = "Deepend.Website.Api", "Websites\Api\src\Deepend.Websites.Api\Deepend.Website.Api.csproj", "{44DFB12E-8F70-4026-B049-FB61B44256DA}"
EndProject
Project("{2150E333-8FDC-42A3-9474-1A3956D46DE8}") = "Exception", "Exception", "{80842BC1-808A-4197-8DBF-4A0F1A1247B1}"
EndProject
Project("{FAE04EC0-301F-11D3-BF4B-00C04F79EFBC}") = "Deepend.Core.Exception", "Core\Exception\src\Deepend.Core.Exception\Deepend.Core.Exception.csproj", "{7ED5F8A3-CBA4-4775-8827-EB3164928473}"
EndProject
Global
	GlobalSection(SolutionConfigurationPlatforms) = preSolution
		Debug|Any CPU = Debug|Any CPU
		Release|Any CPU = Release|Any CPU
	EndGlobalSection
	GlobalSection(ProjectConfigurationPlatforms) = postSolution
		{CDF9C5F1-4F55-42A5-9897-89A3692ACD37}.Debug|Any CPU.ActiveCfg = Debug|Any CPU
		{CDF9C5F1-4F55-42A5-9897-89A3692ACD37}.Debug|Any CPU.Build.0 = Debug|Any CPU
		{CDF9C5F1-4F55-42A5-9897-89A3692ACD37}.Release|Any CPU.ActiveCfg = Release|Any CPU
		{CDF9C5F1-4F55-42A5-9897-89A3692ACD37}.Release|Any CPU.Build.0 = Release|Any CPU
		{138FE245-53E4-4201-9E33-C748262B40C7}.Debug|Any CPU.ActiveCfg = Debug|Any CPU
		{138FE245-53E4-4201-9E33-C748262B40C7}.Debug|Any CPU.Build.0 = Debug|Any CPU
		{138FE245-53E4-4201-9E33-C748262B40C7}.Release|Any CPU.ActiveCfg = Release|Any CPU
		{138FE245-53E4-4201-9E33-C748262B40C7}.Release|Any CPU.Build.0 = Release|Any CPU
		{F4ABDFB7-594B-4616-BB25-35DE7B96E8BA}.Debug|Any CPU.ActiveCfg = Debug|Any CPU
		{F4ABDFB7-594B-4616-BB25-35DE7B96E8BA}.Debug|Any CPU.Build.0 = Debug|Any CPU
		{F4ABDFB7-594B-4616-BB25-35DE7B96E8BA}.Release|Any CPU.ActiveCfg = Release|Any CPU
		{F4ABDFB7-594B-4616-BB25-35DE7B96E8BA}.Release|Any CPU.Build.0 = Release|Any CPU
		{AF36C980-5A61-491D-9C55-DC25012E3A30}.Debug|Any CPU.ActiveCfg = Debug|Any CPU
		{AF36C980-5A61-491D-9C55-DC25012E3A30}.Debug|Any CPU.Build.0 = Debug|Any CPU
		{AF36C980-5A61-491D-9C55-DC25012E3A30}.Release|Any CPU.ActiveCfg = Release|Any CPU
		{AF36C980-5A61-491D-9C55-DC25012E3A30}.Release|Any CPU.Build.0 = Release|Any CPU
		{14A073FC-7DD9-45F3-A176-B0D310802DF8}.Debug|Any CPU.ActiveCfg = Debug|Any CPU
		{14A073FC-7DD9-45F3-A176-B0D310802DF8}.Debug|Any CPU.Build.0 = Debug|Any CPU
		{14A073FC-7DD9-45F3-A176-B0D310802DF8}.Release|Any CPU.ActiveCfg = Release|Any CPU
		{14A073FC-7DD9-45F3-A176-B0D310802DF8}.Release|Any CPU.Build.0 = Release|Any CPU
		{933BB8FA-017A-479E-9246-C948A98F8D8B}.Debug|Any CPU.ActiveCfg = Debug|Any CPU
		{933BB8FA-017A-479E-9246-C948A98F8D8B}.Debug|Any CPU.Build.0 = Debug|Any CPU
		{933BB8FA-017A-479E-9246-C948A98F8D8B}.Release|Any CPU.ActiveCfg = Release|Any CPU
		{933BB8FA-017A-479E-9246-C948A98F8D8B}.Release|Any CPU.Build.0 = Release|Any CPU
		{44DFB12E-8F70-4026-B049-FB61B44256DA}.Debug|Any CPU.ActiveCfg = Debug|Any CPU
		{44DFB12E-8F70-4026-B049-FB61B44256DA}.Debug|Any CPU.Build.0 = Debug|Any CPU
		{44DFB12E-8F70-4026-B049-FB61B44256DA}.Release|Any CPU.ActiveCfg = Release|Any CPU
		{44DFB12E-8F70-4026-B049-FB61B44256DA}.Release|Any CPU.Build.0 = Release|Any CPU
		{7ED5F8A3-CBA4-4775-8827-EB3164928473}.Debug|Any CPU.ActiveCfg = Debug|Any CPU
		{7ED5F8A3-CBA4-4775-8827-EB3164928473}.Debug|Any CPU.Build.0 = Debug|Any CPU
		{7ED5F8A3-CBA4-4775-8827-EB3164928473}.Release|Any CPU.ActiveCfg = Release|Any CPU
		{7ED5F8A3-CBA4-4775-8827-EB3164928473}.Release|Any CPU.Build.0 = Release|Any CPU
	EndGlobalSection
	GlobalSection(SolutionProperties) = preSolution
		HideSolutionNode = FALSE
	EndGlobalSection
	GlobalSection(NestedProjects) = preSolution
		{6EDDA594-8F91-43E0-BF57-4B608C8A115B} = {51D4C041-4292-4E0A-9C95-8365E4FB3C70}
		{15880047-3937-4E88-8CD2-E3CC47300B03} = {51D4C041-4292-4E0A-9C95-8365E4FB3C70}
		{F164E437-E117-433A-8EDC-BE0D64473149} = {51D4C041-4292-4E0A-9C95-8365E4FB3C70}
		{80842BC1-808A-4197-8DBF-4A0F1A1247B1} = {51D4C041-4292-4E0A-9C95-8365E4FB3C70}
		{D27DD1FE-5F46-4F11-A8EE-8996C331498F} = {D703F86C-3FAD-430E-B128-AF2CCB700389}
		{C4FCA9BE-806E-463A-965B-21F975544DFC} = {D703F86C-3FAD-430E-B128-AF2CCB700389}
		{91D536D3-6FF4-4258-A38A-3729859FEFCF} = {0CD37877-8AFE-48DC-B9B5-1CBFFA3D64BF}
		{258462E8-BBF8-4D3D-B1AE-46B9C1D9F9FA} = {0CD37877-8AFE-48DC-B9B5-1CBFFA3D64BF}
		{CDF9C5F1-4F55-42A5-9897-89A3692ACD37} = {91D536D3-6FF4-4258-A38A-3729859FEFCF}
		{44DFB12E-8F70-4026-B049-FB61B44256DA} = {258462E8-BBF8-4D3D-B1AE-46B9C1D9F9FA}
		{138FE245-53E4-4201-9E33-C748262B40C7} = {D27DD1FE-5F46-4F11-A8EE-8996C331498F}
		{F4ABDFB7-594B-4616-BB25-35DE7B96E8BA} = {C4FCA9BE-806E-463A-965B-21F975544DFC}
		{AF36C980-5A61-491D-9C55-DC25012E3A30} = {6EDDA594-8F91-43E0-BF57-4B608C8A115B}
		{933BB8FA-017A-479E-9246-C948A98F8D8B} = {15880047-3937-4E88-8CD2-E3CC47300B03}
		{14A073FC-7DD9-45F3-A176-B0D310802DF8} = {F164E437-E117-433A-8EDC-BE0D64473149}
		{7ED5F8A3-CBA4-4775-8827-EB3164928473} = {80842BC1-808A-4197-8DBF-4A0F1A1247B1}
	EndGlobalSection
EndGlobal
